PODS:
  - Flutter (1.0.0)
  - integration_test (0.0.1):
    - Flutter
  - no_screen_mirror (0.1.1):
    - Flutter

DEPENDENCIES:
  - Flutter (from `Flutter`)
  - integration_test (from `.symlinks/plugins/integration_test/ios`)
  - no_screen_mirror (from `.symlinks/plugins/no_screen_mirror/ios`)

EXTERNAL SOURCES:
  Flutter:
    :path: Flutter
  integration_test:
    :path: ".symlinks/plugins/integration_test/ios"
  no_screen_mirror:
    :path: ".symlinks/plugins/no_screen_mirror/ios"

SPEC CHECKSUMS:
  Flutter: cabc95a1d2626b1b06e7179b784ebcf0c0cde467
  integration_test: 252f60fa39af5e17c3aa9899d35d908a0721b573
  no_screen_mirror: 42e71e12f428b0a4505d5d7faeab2417ae774c7a

PODFILE CHECKSUM: 3c63482e143d1b91d2d2560aee9fb04ecc74ac7e

COCOAPODS: 1.16.2
