PODS:
  - FlutterMacOS (1.0.0)
  - no_screen_mirror (0.1.1):
    - FlutterMacOS

DEPENDENCIES:
  - FlutterMacOS (from `Flutter/ephemeral`)
  - no_screen_mirror (from `Flutter/ephemeral/.symlinks/plugins/no_screen_mirror/macos`)

EXTERNAL SOURCES:
  FlutterMacOS:
    :path: Flutter/ephemeral
  no_screen_mirror:
    :path: Flutter/ephemeral/.symlinks/plugins/no_screen_mirror/macos

SPEC CHECKSUMS:
  FlutterMacOS: d0db08ddef1a9af05a5ec4b724367152bb0500b1
  no_screen_mirror: 958e167283453ec7e219760783a140ec47de2102

PODFILE CHECKSUM: 54d867c82ac51cbd61b565781b9fada492027009

COCOAPODS: 1.16.2
